
Microsoft Visual Studio Solution File, Format Version 11.00
# Visual Studio 2010
Project("{FAE04EC0-301F-11D3-BF4B-00C04F79EFBC}") = "WISD.CarERP.Web", "WISD.CarERP.Web\WISD.CarERP.Web.csproj", "{88842CDC-8C28-4207-A402-8CA7598AD255}"
EndProject
Project("{FAE04EC0-301F-11D3-BF4B-00C04F79EFBC}") = "WISD.CarERP.Model", "WISD.CarERP.Model\WISD.CarERP.Model.csproj", "{2A7FC3CF-38AB-4F10-A0C8-64E9077729D1}"
EndProject
Project("{FAE04EC0-301F-11D3-BF4B-00C04F79EFBC}") = "WISD.CarERP.DBUtility", "WISD.CarERP.DBUtility\WISD.CarERP.DBUtility.csproj", "{15D3C9EA-6E39-4F92-9E5C-2B235535718F}"
EndProject
Project("{FAE04EC0-301F-11D3-BF4B-00C04F79EFBC}") = "WISD.CarERP.DAL", "WISD.CarERP.DAL\WISD.CarERP.DAL.csproj", "{1C331521-02EE-481E-B274-C7448F97B3BF}"
EndProject
Project("{FAE04EC0-301F-11D3-BF4B-00C04F79EFBC}") = "WISD.CarERP.Common", "WISD.CarERP.Common\WISD.CarERP.Common.csproj", "{A780C9AF-564D-4D17-A58C-D1E70D25DB2C}"
EndProject
Project("{FAE04EC0-301F-11D3-BF4B-00C04F79EFBC}") = "WISD.CarERP.BLL", "WISD.CarERP.BLL\WISD.CarERP.BLL.csproj", "{DA38027A-F569-41DB-BECC-3D4FEA646502}"
EndProject
Project("{FAE04EC0-301F-11D3-BF4B-00C04F79EFBC}") = "WISD.CarERP.Cache", "WISD.CarERP.Cache\WISD.CarERP.Cache.csproj", "{B244A088-AE18-422D-870F-2378275CFFE2}"
EndProject
Global
	GlobalSection(SolutionConfigurationPlatforms) = preSolution
		Debug|Any CPU = Debug|Any CPU
		Release|Any CPU = Release|Any CPU
	EndGlobalSection
	GlobalSection(ProjectConfigurationPlatforms) = postSolution
		{88842CDC-8C28-4207-A402-8CA7598AD255}.Debug|Any CPU.ActiveCfg = Debug|Any CPU
		{88842CDC-8C28-4207-A402-8CA7598AD255}.Debug|Any CPU.Build.0 = Debug|Any CPU
		{88842CDC-8C28-4207-A402-8CA7598AD255}.Release|Any CPU.ActiveCfg = Release|Any CPU
		{88842CDC-8C28-4207-A402-8CA7598AD255}.Release|Any CPU.Build.0 = Release|Any CPU
		{2A7FC3CF-38AB-4F10-A0C8-64E9077729D1}.Debug|Any CPU.ActiveCfg = Debug|Any CPU
		{2A7FC3CF-38AB-4F10-A0C8-64E9077729D1}.Debug|Any CPU.Build.0 = Debug|Any CPU
		{2A7FC3CF-38AB-4F10-A0C8-64E9077729D1}.Release|Any CPU.ActiveCfg = Release|Any CPU
		{2A7FC3CF-38AB-4F10-A0C8-64E9077729D1}.Release|Any CPU.Build.0 = Release|Any CPU
		{15D3C9EA-6E39-4F92-9E5C-2B235535718F}.Debug|Any CPU.ActiveCfg = Debug|Any CPU
		{15D3C9EA-6E39-4F92-9E5C-2B235535718F}.Debug|Any CPU.Build.0 = Debug|Any CPU
		{15D3C9EA-6E39-4F92-9E5C-2B235535718F}.Release|Any CPU.ActiveCfg = Release|Any CPU
		{15D3C9EA-6E39-4F92-9E5C-2B235535718F}.Release|Any CPU.Build.0 = Release|Any CPU
		{1C331521-02EE-481E-B274-C7448F97B3BF}.Debug|Any CPU.ActiveCfg = Debug|Any CPU
		{1C331521-02EE-481E-B274-C7448F97B3BF}.Debug|Any CPU.Build.0 = Debug|Any CPU
		{1C331521-02EE-481E-B274-C7448F97B3BF}.Release|Any CPU.ActiveCfg = Release|Any CPU
		{1C331521-02EE-481E-B274-C7448F97B3BF}.Release|Any CPU.Build.0 = Release|Any CPU
		{A780C9AF-564D-4D17-A58C-D1E70D25DB2C}.Debug|Any CPU.ActiveCfg = Debug|Any CPU
		{A780C9AF-564D-4D17-A58C-D1E70D25DB2C}.Debug|Any CPU.Build.0 = Debug|Any CPU
		{A780C9AF-564D-4D17-A58C-D1E70D25DB2C}.Release|Any CPU.ActiveCfg = Release|Any CPU
		{A780C9AF-564D-4D17-A58C-D1E70D25DB2C}.Release|Any CPU.Build.0 = Release|Any CPU
		{DA38027A-F569-41DB-BECC-3D4FEA646502}.Debug|Any CPU.ActiveCfg = Debug|Any CPU
		{DA38027A-F569-41DB-BECC-3D4FEA646502}.Debug|Any CPU.Build.0 = Debug|Any CPU
		{DA38027A-F569-41DB-BECC-3D4FEA646502}.Release|Any CPU.ActiveCfg = Release|Any CPU
		{DA38027A-F569-41DB-BECC-3D4FEA646502}.Release|Any CPU.Build.0 = Release|Any CPU
		{B244A088-AE18-422D-870F-2378275CFFE2}.Debug|Any CPU.ActiveCfg = Debug|Any CPU
		{B244A088-AE18-422D-870F-2378275CFFE2}.Debug|Any CPU.Build.0 = Debug|Any CPU
		{B244A088-AE18-422D-870F-2378275CFFE2}.Release|Any CPU.ActiveCfg = Release|Any CPU
		{B244A088-AE18-422D-870F-2378275CFFE2}.Release|Any CPU.Build.0 = Release|Any CPU
	EndGlobalSection
	GlobalSection(SolutionProperties) = preSolution
		HideSolutionNode = FALSE
	EndGlobalSection
EndGlobal
